
Microsoft Visual Studio Solution File, Format Version 12.00
# Visual Studio Version 16
VisualStudioVersion = 16.0.30309.148
MinimumVisualStudioVersion = 10.0.40219.1
Project("{FAE04EC0-301F-11D3-BF4B-00C04F79EFBC}") = "Rock, Paper, Scissors -- WinForm -- Part 6.5", "Rock, Paper, Scissors -- WinForm -- Part 6.5.csproj", "{484188F8-2CDE-4240-B3B3-23CCE833086C}"
EndProject
Global
	GlobalSection(SolutionConfigurationPlatforms) = preSolution
		Debug|Any CPU = Debug|Any CPU
		Release|Any CPU = Release|Any CPU
	EndGlobalSection
	GlobalSection(ProjectConfigurationPlatforms) = postSolution
		{484188F8-2CDE-4240-B3B3-23CCE833086C}.Debug|Any CPU.ActiveCfg = Debug|Any CPU
		{484188F8-2CDE-4240-B3B3-23CCE833086C}.Debug|Any CPU.Build.0 = Debug|Any CPU
		{484188F8-2CDE-4240-B3B3-23CCE833086C}.Release|Any CPU.ActiveCfg = Release|Any CPU
		{484188F8-2CDE-4240-B3B3-23CCE833086C}.Release|Any CPU.Build.0 = Release|Any CPU
	EndGlobalSection
	GlobalSection(SolutionProperties) = preSolution
		HideSolutionNode = FALSE
	EndGlobalSection
	GlobalSection(ExtensibilityGlobals) = postSolution
		SolutionGuid = {B7955B6E-0A2F-4850-9234-0E5E143A51E2}
	EndGlobalSection
EndGlobal
